
Microsoft Visual Studio Solution File, Format Version 12.00
# Visual Studio 15
VisualStudioVersion = 15.0.28307.421
MinimumVisualStudioVersion = 10.0.40219.1
Project("{FAE04EC0-301F-11D3-BF4B-00C04F79EFBC}") = "Blocks.UI.Uwp", "Blocks.UI.Uwp\Blocks.UI.Uwp.csproj", "{253AE007-6182-416C-AB13-B1D380898A4E}"
EndProject
Project("{FAE04EC0-301F-11D3-BF4B-00C04F79EFBC}") = "Blocks.UI.Core", "Blocks.UI.Core\Blocks.UI.Core.csproj", "{822A62DB-9375-4898-B4D5-36583EE3F411}"
EndProject
Global
	GlobalSection(SolutionConfigurationPlatforms) = preSolution
		Debug|Any CPU = Debug|Any CPU
		Debug|ARM = Debug|ARM
		Debug|ARM64 = Debug|ARM64
		Debug|x64 = Debug|x64
		Debug|x86 = Debug|x86
		Release|Any CPU = Release|Any CPU
		Release|ARM = Release|ARM
		Release|ARM64 = Release|ARM64
		Release|x64 = Release|x64
		Release|x86 = Release|x86
	EndGlobalSection
	GlobalSection(ProjectConfigurationPlatforms) = postSolution
		{253AE007-6182-416C-AB13-B1D380898A4E}.Debug|Any CPU.ActiveCfg = Debug|x86
		{253AE007-6182-416C-AB13-B1D380898A4E}.Debug|ARM.ActiveCfg = Debug|ARM
		{253AE007-6182-416C-AB13-B1D380898A4E}.Debug|ARM.Build.0 = Debug|ARM
		{253AE007-6182-416C-AB13-B1D380898A4E}.Debug|ARM.Deploy.0 = Debug|ARM
		{253AE007-6182-416C-AB13-B1D380898A4E}.Debug|ARM64.ActiveCfg = Debug|ARM64
		{253AE007-6182-416C-AB13-B1D380898A4E}.Debug|ARM64.Build.0 = Debug|ARM64
		{253AE007-6182-416C-AB13-B1D380898A4E}.Debug|ARM64.Deploy.0 = Debug|ARM64
		{253AE007-6182-416C-AB13-B1D380898A4E}.Debug|x64.ActiveCfg = Debug|x64
		{253AE007-6182-416C-AB13-B1D380898A4E}.Debug|x64.Build.0 = Debug|x64
		{253AE007-6182-416C-AB13-B1D380898A4E}.Debug|x64.Deploy.0 = Debug|x64
		{253AE007-6182-416C-AB13-B1D380898A4E}.Debug|x86.ActiveCfg = Debug|x86
		{253AE007-6182-416C-AB13-B1D380898A4E}.Debug|x86.Build.0 = Debug|x86
		{253AE007-6182-416C-AB13-B1D380898A4E}.Debug|x86.Deploy.0 = Debug|x86
		{253AE007-6182-416C-AB13-B1D380898A4E}.Release|Any CPU.ActiveCfg = Release|x86
		{253AE007-6182-416C-AB13-B1D380898A4E}.Release|ARM.ActiveCfg = Release|ARM
		{253AE007-6182-416C-AB13-B1D380898A4E}.Release|ARM.Build.0 = Release|ARM
		{253AE007-6182-416C-AB13-B1D380898A4E}.Release|ARM.Deploy.0 = Release|ARM
		{253AE007-6182-416C-AB13-B1D380898A4E}.Release|ARM64.ActiveCfg = Release|ARM64
		{253AE007-6182-416C-AB13-B1D380898A4E}.Release|ARM64.Build.0 = Release|ARM64
		{253AE007-6182-416C-AB13-B1D380898A4E}.Release|ARM64.Deploy.0 = Release|ARM64
		{253AE007-6182-416C-AB13-B1D380898A4E}.Release|x64.ActiveCfg = Release|x64
		{253AE007-6182-416C-AB13-B1D380898A4E}.Release|x64.Build.0 = Release|x64
		{253AE007-6182-416C-AB13-B1D380898A4E}.Release|x64.Deploy.0 = Release|x64
		{253AE007-6182-416C-AB13-B1D380898A4E}.Release|x86.ActiveCfg = Release|x86
		{253AE007-6182-416C-AB13-B1D380898A4E}.Release|x86.Build.0 = Release|x86
		{253AE007-6182-416C-AB13-B1D380898A4E}.Release|x86.Deploy.0 = Release|x86
		{822A62DB-9375-4898-B4D5-36583EE3F411}.Debug|Any CPU.ActiveCfg = Debug|Any CPU
		{822A62DB-9375-4898-B4D5-36583EE3F411}.Debug|Any CPU.Build.0 = Debug|Any CPU
		{822A62DB-9375-4898-B4D5-36583EE3F411}.Debug|ARM.ActiveCfg = Debug|Any CPU
		{822A62DB-9375-4898-B4D5-36583EE3F411}.Debug|ARM.Build.0 = Debug|Any CPU
		{822A62DB-9375-4898-B4D5-36583EE3F411}.Debug|ARM64.ActiveCfg = Debug|Any CPU
		{822A62DB-9375-4898-B4D5-36583EE3F411}.Debug|ARM64.Build.0 = Debug|Any CPU
		{822A62DB-9375-4898-B4D5-36583EE3F411}.Debug|x64.ActiveCfg = Debug|Any CPU
		{822A62DB-9375-4898-B4D5-36583EE3F411}.Debug|x64.Build.0 = Debug|Any CPU
		{822A62DB-9375-4898-B4D5-36583EE3F411}.Debug|x86.ActiveCfg = Debug|Any CPU
		{822A62DB-9375-4898-B4D5-36583EE3F411}.Debug|x86.Build.0 = Debug|Any CPU
		{822A62DB-9375-4898-B4D5-36583EE3F411}.Release|Any CPU.ActiveCfg = Release|Any CPU
		{822A62DB-9375-4898-B4D5-36583EE3F411}.Release|Any CPU.Build.0 = Release|Any CPU
		{822A62DB-9375-4898-B4D5-36583EE3F411}.Release|ARM.ActiveCfg = Release|Any CPU
		{822A62DB-9375-4898-B4D5-36583EE3F411}.Release|ARM.Build.0 = Release|Any CPU
		{822A62DB-9375-4898-B4D5-36583EE3F411}.Release|ARM64.ActiveCfg = Release|Any CPU
		{822A62DB-9375-4898-B4D5-36583EE3F411}.Release|ARM64.Build.0 = Release|Any CPU
		{822A62DB-9375-4898-B4D5-36583EE3F411}.Release|x64.ActiveCfg = Release|Any CPU
		{822A62DB-9375-4898-B4D5-36583EE3F411}.Release|x64.Build.0 = Release|Any CPU
		{822A62DB-9375-4898-B4D5-36583EE3F411}.Release|x86.ActiveCfg = Release|Any CPU
		{822A62DB-9375-4898-B4D5-36583EE3F411}.Release|x86.Build.0 = Release|Any CPU
	EndGlobalSection
	GlobalSection(SolutionProperties) = preSolution
		HideSolutionNode = FALSE
	EndGlobalSection
	GlobalSection(ExtensibilityGlobals) = postSolution
		SolutionGuid = {F4FB05BE-80B0-4D12-A49B-4D1800C8C2CF}
	EndGlobalSection
EndGlobal
