
Microsoft Visual Studio Solution File, Format Version 12.00
# Visual Studio Version 16
VisualStudioVersion = 16.0.28729.10
MinimumVisualStudioVersion = 10.0.40219.1
Project("{FAE04EC0-301F-11D3-BF4B-00C04F79EFBC}") = "Spider", "Spider\Spider.csproj", "{D505BC7C-50E0-48F3-91AE-E0C9270C2D9F}"
EndProject
Global
	GlobalSection(SolutionConfigurationPlatforms) = preSolution
		Debug|Any CPU = Debug|Any CPU
		Release|Any CPU = Release|Any CPU
	EndGlobalSection
	GlobalSection(ProjectConfigurationPlatforms) = postSolution
		{D505BC7C-50E0-48F3-91AE-E0C9270C2D9F}.Debug|Any CPU.ActiveCfg = Debug|Any CPU
		{D505BC7C-50E0-48F3-91AE-E0C9270C2D9F}.Debug|Any CPU.Build.0 = Debug|Any CPU
		{D505BC7C-50E0-48F3-91AE-E0C9270C2D9F}.Release|Any CPU.ActiveCfg = Release|Any CPU
		{D505BC7C-50E0-48F3-91AE-E0C9270C2D9F}.Release|Any CPU.Build.0 = Release|Any CPU
	EndGlobalSection
	GlobalSection(SolutionProperties) = preSolution
		HideSolutionNode = FALSE
	EndGlobalSection
	GlobalSection(ExtensibilityGlobals) = postSolution
		SolutionGuid = {7E7C2A22-BC1A-4A09-AC70-5DFB09BA89D4}
	EndGlobalSection
EndGlobal
